// !$*UTF8*$!
{
	archiveVersion = 1;
	classes = {
	};
	objectVersion = 46;
	objects = {

/* Begin PBXBuildFile section */
		B23C9AB613DDC1BA00BF9003 /* UIKit.framework in Frameworks */ = {isa = PBXBuildFile; fileRef = B23C9AB513DDC1BA00BF9003 /* UIKit.framework */; };
		B23C9AB813DDC1BA00BF9003 /* Foundation.framework in Frameworks */ = {isa = PBXBuildFile; fileRef = B23C9AB713DDC1BA00BF9003 /* Foundation.framework */; };
		B23C9ABA13DDC1BA00BF9003 /* CoreGraphics.framework in Frameworks */ = {isa = PBXBuildFile; fileRef = B23C9AB913DDC1BA00BF9003 /* CoreGraphics.framework */; };
		B23C9AC013DDC1BA00BF9003 /* InfoPlist.strings in Resources */ = {isa = PBXBuildFile; fileRef = B23C9ABE13DDC1BA00BF9003 /* InfoPlist.strings */; };
		B23C9AC213DDC1BA00BF9003 /* main.m in Sources */ = {isa = PBXBuildFile; fileRef = B23C9AC113DDC1BA00BF9003 /* main.m */; };
		B23C9AC613DDC1BB00BF9003 /* IMDISPLAYAppDelegate.m in Sources */ = {isa = PBXBuildFile; fileRef = B23C9AC513DDC1BB00BF9003 /* IMDISPLAYAppDelegate.m */; };
		B23C9AC913DDC1BB00BF9003 /* MainWindow.xib in Resources */ = {isa = PBXBuildFile; fileRef = B23C9AC713DDC1BB00BF9003 /* MainWindow.xib */; };
		B23C9ACC13DDC1BB00BF9003 /* MainViewController.m in Sources */ = {isa = PBXBuildFile; fileRef = B23C9ACB13DDC1BB00BF9003 /* MainViewController.m */; };
		B23C9ACE13DDC1BB00BF9003 /* MainView.xib in Resources */ = {isa = PBXBuildFile; fileRef = B23C9ACD13DDC1BB00BF9003 /* MainView.xib */; };
		B23C9AD113DDC1BB00BF9003 /* FlipsideViewController.m in Sources */ = {isa = PBXBuildFile; fileRef = B23C9AD013DDC1BB00BF9003 /* FlipsideViewController.m */; };
		B23C9AD313DDC1BB00BF9003 /* FlipsideView.xib in Resources */ = {isa = PBXBuildFile; fileRef = B23C9AD213DDC1BB00BF9003 /* FlipsideView.xib */; };
		B23C9ADB13DDC1BB00BF9003 /* SenTestingKit.framework in Frameworks */ = {isa = PBXBuildFile; fileRef = B23C9ADA13DDC1BB00BF9003 /* SenTestingKit.framework */; };
		B23C9ADC13DDC1BB00BF9003 /* UIKit.framework in Frameworks */ = {isa = PBXBuildFile; fileRef = B23C9AB513DDC1BA00BF9003 /* UIKit.framework */; };
		B23C9ADD13DDC1BB00BF9003 /* Foundation.framework in Frameworks */ = {isa = PBXBuildFile; fileRef = B23C9AB713DDC1BA00BF9003 /* Foundation.framework */; };
		B23C9ADE13DDC1BB00BF9003 /* CoreGraphics.framework in Frameworks */ = {isa = PBXBuildFile; fileRef = B23C9AB913DDC1BA00BF9003 /* CoreGraphics.framework */; };
		B23C9AE613DDC1BB00BF9003 /* InfoPlist.strings in Resources */ = {isa = PBXBuildFile; fileRef = B23C9AE413DDC1BB00BF9003 /* InfoPlist.strings */; };
		B23C9AE813DDC1BB00BF9003 /* IMDISPLAYTests.h in Resources */ = {isa = PBXBuildFile; fileRef = B23C9AE713DDC1BB00BF9003 /* IMDISPLAYTests.h */; };
		B23C9AEA13DDC1BB00BF9003 /* IMDISPLAYTests.m in Sources */ = {isa = PBXBuildFile; fileRef = B23C9AE913DDC1BB00BF9003 /* IMDISPLAYTests.m */; };
/* End PBXBuildFile section */

/* Begin PBXContainerItemProxy section */
		B23C9ADF13DDC1BB00BF9003 /* PBXContainerItemProxy */ = {
			isa = PBXContainerItemProxy;
			containerPortal = B23C9AA813DDC1BA00BF9003 /* Project object */;
			proxyType = 1;
			remoteGlobalIDString = B23C9AB013DDC1BA00BF9003;
			remoteInfo = IMDISPLAY;
		};
/* End PBXContainerItemProxy section */

/* Begin PBXFileReference section */
		B23C9AB113DDC1BA00BF9003 /* IMDISPLAY.app */ = {isa = PBXFileReference; explicitFileType = wrapper.application; includeInIndex = 0; path = IMDISPLAY.app; sourceTree = BUILT_PRODUCTS_DIR; };
		B23C9AB513DDC1BA00BF9003 /* UIKit.framework */ = {isa = PBXFileReference; lastKnownFileType = wrapper.framework; name = UIKit.framework; path = System/Library/Frameworks/UIKit.framework; sourceTree = SDKROOT; };
		B23C9AB713DDC1BA00BF9003 /* Foundation.framework */ = {isa = PBXFileReference; lastKnownFileType = wrapper.framework; name = Foundation.framework; path = System/Library/Frameworks/Foundation.framework; sourceTree = SDKROOT; };
		B23C9AB913DDC1BA00BF9003 /* CoreGraphics.framework */ = {isa = PBXFileReference; lastKnownFileType = wrapper.framework; name = CoreGraphics.framework; path = System/Library/Frameworks/CoreGraphics.framework; sourceTree = SDKROOT; };
		B23C9ABD13DDC1BA00BF9003 /* IMDISPLAY-Info.plist */ = {isa = PBXFileReference; path = "IMDISPLAY-Info.plist"; sourceTree = "<group>"; };
		B23C9ABF13DDC1BA00BF9003 /* en */ = {isa = PBXFileReference; lastKnownFileType = text.plist.strings; name = en; path = en.lproj/InfoPlist.strings; sourceTree = "<group>"; };
		B23C9AC113DDC1BA00BF9003 /* main.m */ = {isa = PBXFileReference; lastKnownFileType = sourcecode.c.objc; path = main.m; sourceTree = "<group>"; };
		B23C9AC313DDC1BB00BF9003 /* IMDISPLAY-Prefix.pch */ = {isa = PBXFileReference; path = "IMDISPLAY-Prefix.pch"; sourceTree = "<group>"; };
		B23C9AC413DDC1BB00BF9003 /* IMDISPLAYAppDelegate.h */ = {isa = PBXFileReference; path = IMDISPLAYAppDelegate.h; sourceTree = "<group>"; };
		B23C9AC513DDC1BB00BF9003 /* IMDISPLAYAppDelegate.m */ = {isa = PBXFileReference; lastKnownFileType = sourcecode.c.objc; path = IMDISPLAYAppDelegate.m; sourceTree = "<group>"; };
		B23C9AC813DDC1BB00BF9003 /* en */ = {isa = PBXFileReference; lastKnownFileType = file.xib; name = en; path = en.lproj/MainWindow.xib; sourceTree = "<group>"; };
		B23C9ACA13DDC1BB00BF9003 /* MainViewController.h */ = {isa = PBXFileReference; path = MainViewController.h; sourceTree = "<group>"; };
		B23C9ACB13DDC1BB00BF9003 /* MainViewController.m */ = {isa = PBXFileReference; lastKnownFileType = sourcecode.c.objc; path = MainViewController.m; sourceTree = "<group>"; };
		B23C9ACD13DDC1BB00BF9003 /* MainView.xib */ = {isa = PBXFileReference; lastKnownFileType = file.xib; path = MainView.xib; sourceTree = "<group>"; };
		B23C9ACF13DDC1BB00BF9003 /* FlipsideViewController.h */ = {isa = PBXFileReference; path = FlipsideViewController.h; sourceTree = "<group>"; };
		B23C9AD013DDC1BB00BF9003 /* FlipsideViewController.m */ = {isa = PBXFileReference; lastKnownFileType = sourcecode.c.objc; path = FlipsideViewController.m; sourceTree = "<group>"; };
		B23C9AD213DDC1BB00BF9003 /* FlipsideView.xib */ = {isa = PBXFileReference; lastKnownFileType = file.xib; path = FlipsideView.xib; sourceTree = "<group>"; };
		B23C9AD913DDC1BB00BF9003 /* IMDISPLAYTests.octest */ = {isa = PBXFileReference; explicitFileType = wrapper.cfbundle; includeInIndex = 0; path = IMDISPLAYTests.octest; sourceTree = BUILT_PRODUCTS_DIR; };
		B23C9ADA13DDC1BB00BF9003 /* SenTestingKit.framework */ = {isa = PBXFileReference; lastKnownFileType = wrapper.framework; name = SenTestingKit.framework; path = Library/Frameworks/SenTestingKit.framework; sourceTree = DEVELOPER_DIR; };
		B23C9AE313DDC1BB00BF9003 /* IMDISPLAYTests-Info.plist */ = {isa = PBXFileReference; path = "IMDISPLAYTests-Info.plist"; sourceTree = "<group>"; };
		B23C9AE513DDC1BB00BF9003 /* en */ = {isa = PBXFileReference; lastKnownFileType = text.plist.strings; name = en; path = en.lproj/InfoPlist.strings; sourceTree = "<group>"; };
		B23C9AE713DDC1BB00BF9003 /* IMDISPLAYTests.h */ = {isa = PBXFileReference; lastKnownFileType = sourcecode.c.h; path = IMDISPLAYTests.h; sourceTree = "<group>"; };
		B23C9AE913DDC1BB00BF9003 /* IMDISPLAYTests.m */ = {isa = PBXFileReference; lastKnownFileType = sourcecode.c.objc; path = IMDISPLAYTests.m; sourceTree = "<group>"; };
/* End PBXFileReference section */

/* Begin PBXFrameworksBuildPhase section */
		B23C9AAE13DDC1BA00BF9003 /* Frameworks */ = {
			isa = PBXFrameworksBuildPhase;
			buildActionMask = 2147483647;
			files = (
				B23C9AB613DDC1BA00BF9003 /* UIKit.framework in Frameworks */,
				B23C9AB813DDC1BA00BF9003 /* Foundation.framework in Frameworks */,
				B23C9ABA13DDC1BA00BF9003 /* CoreGraphics.framework in Frameworks */,
			);
			runOnlyForDeploymentPostprocessing = 0;
		};
		B23C9AD513DDC1BB00BF9003 /* Frameworks */ = {
			isa = PBXFrameworksBuildPhase;
			buildActionMask = 2147483647;
			files = (
				B23C9ADB13DDC1BB00BF9003 /* SenTestingKit.framework in Frameworks */,
				B23C9ADC13DDC1BB00BF9003 /* UIKit.framework in Frameworks */,
				B23C9ADD13DDC1BB00BF9003 /* Foundation.framework in Frameworks */,
				B23C9ADE13DDC1BB00BF9003 /* CoreGraphics.framework in Frameworks */,
			);
			runOnlyForDeploymentPostprocessing = 0;
		};
/* End PBXFrameworksBuildPhase section */

/* Begin PBXGroup section */
		B23C9AA613DDC1BA00BF9003 = {
			isa = PBXGroup;
			children = (
				B23C9ABB13DDC1BA00BF9003 /* IMDISPLAY */,
				B23C9AE113DDC1BB00BF9003 /* IMDISPLAYTests */,
				B23C9AB413DDC1BA00BF9003 /* Frameworks */,
				B23C9AB213DDC1BA00BF9003 /* Products */,
			);
			sourceTree = "<group>";
		};
		B23C9AB213DDC1BA00BF9003 /* Products */ = {
			isa = PBXGroup;
			children = (
				B23C9AB113DDC1BA00BF9003 /* IMDISPLAY.app */,
				B23C9AD913DDC1BB00BF9003 /* IMDISPLAYTests.octest */,
			);
			name = Products;
			sourceTree = "<group>";
		};
		B23C9AB413DDC1BA00BF9003 /* Frameworks */ = {
			isa = PBXGroup;
			children = (
				B23C9AB513DDC1BA00BF9003 /* UIKit.framework */,
				B23C9AB713DDC1BA00BF9003 /* Foundation.framework */,
				B23C9AB913DDC1BA00BF9003 /* CoreGraphics.framework */,
				B23C9ADA13DDC1BB00BF9003 /* SenTestingKit.framework */,
			);
			name = Frameworks;
			sourceTree = "<group>";
		};
		B23C9ABB13DDC1BA00BF9003 /* IMDISPLAY */ = {
			isa = PBXGroup;
			children = (
				B23C9AC413DDC1BB00BF9003 /* IMDISPLAYAppDelegate.h */,
				B23C9AC513DDC1BB00BF9003 /* IMDISPLAYAppDelegate.m */,
				B23C9AC713DDC1BB00BF9003 /* MainWindow.xib */,
				B23C9ACA13DDC1BB00BF9003 /* MainViewController.h */,
				B23C9ACB13DDC1BB00BF9003 /* MainViewController.m */,
				B23C9ACD13DDC1BB00BF9003 /* MainView.xib */,
				B23C9ACF13DDC1BB00BF9003 /* FlipsideViewController.h */,
				B23C9AD013DDC1BB00BF9003 /* FlipsideViewController.m */,
				B23C9AD213DDC1BB00BF9003 /* FlipsideView.xib */,
				B23C9ABC13DDC1BA00BF9003 /* Supporting Files */,
			);
			path = IMDISPLAY;
			sourceTree = "<group>";
		};
		B23C9ABC13DDC1BA00BF9003 /* Supporting Files */ = {
			isa = PBXGroup;
			children = (
				B23C9ABD13DDC1BA00BF9003 /* IMDISPLAY-Info.plist */,
				B23C9ABE13DDC1BA00BF9003 /* InfoPlist.strings */,
				B23C9AC113DDC1BA00BF9003 /* main.m */,
				B23C9AC313DDC1BB00BF9003 /* IMDISPLAY-Prefix.pch */,
			);
			name = "Supporting Files";
			sourceTree = "<group>";
		};
		B23C9AE113DDC1BB00BF9003 /* IMDISPLAYTests */ = {
			isa = PBXGroup;
			children = (
				B23C9AE713DDC1BB00BF9003 /* IMDISPLAYTests.h */,
				B23C9AE913DDC1BB00BF9003 /* IMDISPLAYTests.m */,
				B23C9AE213DDC1BB00BF9003 /* Supporting Files */,
			);
			path = IMDISPLAYTests;
			sourceTree = "<group>";
		};
		B23C9AE213DDC1BB00BF9003 /* Supporting Files */ = {
			isa = PBXGroup;
			children = (
				B23C9AE313DDC1BB00BF9003 /* IMDISPLAYTests-Info.plist */,
				B23C9AE413DDC1BB00BF9003 /* InfoPlist.strings */,
			);
			name = "Supporting Files";
			sourceTree = "<group>";
		};
/* End PBXGroup section */

/* Begin PBXNativeTarget section */
		B23C9AB013DDC1BA00BF9003 /* IMDISPLAY */ = {
			isa = PBXNativeTarget;
			buildConfigurationList = B23C9AED13DDC1BB00BF9003 /* Build configuration list for PBXNativeTarget "IMDISPLAY" */;
			buildPhases = (
				B23C9AAD13DDC1BA00BF9003 /* Sources */,
				B23C9AAE13DDC1BA00BF9003 /* Frameworks */,
				B23C9AAF13DDC1BA00BF9003 /* Resources */,
			);
			buildRules = (
			);
			dependencies = (
			);
			name = IMDISPLAY;
			productName = IMDISPLAY;
			productReference = B23C9AB113DDC1BA00BF9003 /* IMDISPLAY.app */;
			productType = "com.apple.product-type.application";
		};
		B23C9AD813DDC1BB00BF9003 /* IMDISPLAYTests */ = {
			isa = PBXNativeTarget;
			buildConfigurationList = B23C9AF013DDC1BB00BF9003 /* Build configuration list for PBXNativeTarget "IMDISPLAYTests" */;
			buildPhases = (
				B23C9AD413DDC1BB00BF9003 /* Sources */,
				B23C9AD513DDC1BB00BF9003 /* Frameworks */,
				B23C9AD613DDC1BB00BF9003 /* Resources */,
				B23C9AD713DDC1BB00BF9003 /* ShellScript */,
			);
			buildRules = (
			);
			dependencies = (
				B23C9AE013DDC1BB00BF9003 /* PBXTargetDependency */,
			);
			name = IMDISPLAYTests;
			productName = IMDISPLAYTests;
			productReference = B23C9AD913DDC1BB00BF9003 /* IMDISPLAYTests.octest */;
			productType = "com.apple.product-type.bundle";
		};
/* End PBXNativeTarget section */

/* Begin PBXProject section */
		B23C9AA813DDC1BA00BF9003 /* Project object */ = {
			isa = PBXProject;
			attributes = {
				ORGANIZATIONNAME = SES;
			};
			buildConfigurationList = B23C9AAB13DDC1BA00BF9003 /* Build configuration list for PBXProject "IMDISPLAY" */;
			compatibilityVersion = "Xcode 3.2";
			developmentRegion = English;
			hasScannedForEncodings = 0;
			knownRegions = (
				en,
			);
			mainGroup = B23C9AA613DDC1BA00BF9003;
			productRefGroup = B23C9AB213DDC1BA00BF9003 /* Products */;
			projectDirPath = "";
			projectRoot = "";
			targets = (
				B23C9AB013DDC1BA00BF9003 /* IMDISPLAY */,
				B23C9AD813DDC1BB00BF9003 /* IMDISPLAYTests */,
			);
		};
/* End PBXProject section */

/* Begin PBXResourcesBuildPhase section */
		B23C9AAF13DDC1BA00BF9003 /* Resources */ = {
			isa = PBXResourcesBuildPhase;
			buildActionMask = 2147483647;
			files = (
				B23C9AC013DDC1BA00BF9003 /* InfoPlist.strings in Resources */,
				B23C9AC913DDC1BB00BF9003 /* MainWindow.xib in Resources */,
				B23C9ACE13DDC1BB00BF9003 /* MainView.xib in Resources */,
				B23C9AD313DDC1BB00BF9003 /* FlipsideView.xib in Resources */,
			);
			runOnlyForDeploymentPostprocessing = 0;
		};
		B23C9AD613DDC1BB00BF9003 /* Resources */ = {
			isa = PBXResourcesBuildPhase;
			buildActionMask = 2147483647;
			files = (
				B23C9AE613DDC1BB00BF9003 /* InfoPlist.strings in Resources */,
				B23C9AE813DDC1BB00BF9003 /* IMDISPLAYTests.h in Resources */,
			);
			runOnlyForDeploymentPostprocessing = 0;
		};
/* End PBXResourcesBuildPhase section */

/* Begin PBXShellScriptBuildPhase section */
		B23C9AD713DDC1BB00BF9003 /* ShellScript */ = {
			isa = PBXShellScriptBuildPhase;
			buildActionMask = 2147483647;
			files = (
			);
			inputPaths = (
			);
			outputPaths = (
			);
			runOnlyForDeploymentPostprocessing = 0;
			shellPath = /bin/sh;
			shellScript = "# Run the unit tests in this test bundle.\n\"${SYSTEM_DEVELOPER_DIR}/Tools/RunUnitTests\"\n";
		};
/* End PBXShellScriptBuildPhase section */

/* Begin PBXSourcesBuildPhase section */
		B23C9AAD13DDC1BA00BF9003 /* Sources */ = {
			isa = PBXSourcesBuildPhase;
			buildActionMask = 2147483647;
			files = (
				B23C9AC213DDC1BA00BF9003 /* main.m in Sources */,
				B23C9AC613DDC1BB00BF9003 /* IMDISPLAYAppDelegate.m in Sources */,
				B23C9ACC13DDC1BB00BF9003 /* MainViewController.m in Sources */,
				B23C9AD113DDC1BB00BF9003 /* FlipsideViewController.m in Sources */,
			);
			runOnlyForDeploymentPostprocessing = 0;
		};
		B23C9AD413DDC1BB00BF9003 /* Sources */ = {
			isa = PBXSourcesBuildPhase;
			buildActionMask = 2147483647;
			files = (
				B23C9AEA13DDC1BB00BF9003 /* IMDISPLAYTests.m in Sources */,
			);
			runOnlyForDeploymentPostprocessing = 0;
		};
/* End PBXSourcesBuildPhase section */

/* Begin PBXTargetDependency section */
		B23C9AE013DDC1BB00BF9003 /* PBXTargetDependency */ = {
			isa = PBXTargetDependency;
			target = B23C9AB013DDC1BA00BF9003 /* IMDISPLAY */;
			targetProxy = B23C9ADF13DDC1BB00BF9003 /* PBXContainerItemProxy */;
		};
/* End PBXTargetDependency section */

/* Begin PBXVariantGroup section */
		B23C9ABE13DDC1BA00BF9003 /* InfoPlist.strings */ = {
			isa = PBXVariantGroup;
			children = (
				B23C9ABF13DDC1BA00BF9003 /* en */,
			);
			name = InfoPlist.strings;
			sourceTree = "<group>";
		};
		B23C9AC713DDC1BB00BF9003 /* MainWindow.xib */ = {
			isa = PBXVariantGroup;
			children = (
				B23C9AC813DDC1BB00BF9003 /* en */,
			);
			name = MainWindow.xib;
			sourceTree = "<group>";
		};
		B23C9AE413DDC1BB00BF9003 /* InfoPlist.strings */ = {
			isa = PBXVariantGroup;
			children = (
				B23C9AE513DDC1BB00BF9003 /* en */,
			);
			name = InfoPlist.strings;
			sourceTree = "<group>";
		};
/* End PBXVariantGroup section */

/* Begin XCBuildConfiguration section */
		B23C9AEB13DDC1BB00BF9003 /* Debug */ = {
			isa = XCBuildConfiguration;
			buildSettings = {
				ALWAYS_SEARCH_USER_PATHS = NO;
				ARCHS = "$(ARCHS_STANDARD_32_BIT)";
				"CODE_SIGN_IDENTITY[sdk=iphoneos*]" = "iPhone Developer";
				COPY_PHASE_STRIP = NO;
				GCC_C_LANGUAGE_STANDARD = gnu99;
				GCC_DYNAMIC_NO_PIC = NO;
				GCC_OPTIMIZATION_LEVEL = 0;
				GCC_PREPROCESSOR_DEFINITIONS = (
					"DEBUG=1",
					"$(inherited)",
				);
				GCC_SYMBOLS_PRIVATE_EXTERN = NO;
				GCC_VERSION = com.apple.compilers.llvmgcc42;
				GCC_WARN_ABOUT_MISSING_PROTOTYPES = YES;
				GCC_WARN_ABOUT_RETURN_TYPE = YES;
				GCC_WARN_UNUSED_VARIABLE = YES;
				IPHONEOS_DEPLOYMENT_TARGET = 4.3;
				SDKROOT = iphoneos;
			};
			name = Debug;
		};
		B23C9AEC13DDC1BB00BF9003 /* Release */ = {
			isa = XCBuildConfiguration;
			buildSettings = {
				ALWAYS_SEARCH_USER_PATHS = NO;
				ARCHS = "$(ARCHS_STANDARD_32_BIT)";
				"CODE_SIGN_IDENTITY[sdk=iphoneos*]" = "iPhone Developer";
				COPY_PHASE_STRIP = YES;
				GCC_C_LANGUAGE_STANDARD = gnu99;
				GCC_VERSION = com.apple.compilers.llvmgcc42;
				GCC_WARN_ABOUT_MISSING_PROTOTYPES = YES;
				GCC_WARN_ABOUT_RETURN_TYPE = YES;
				GCC_WARN_UNUSED_VARIABLE = YES;
				IPHONEOS_DEPLOYMENT_TARGET = 4.3;
				OTHER_CFLAGS = "-DNS_BLOCK_ASSERTIONS=1";
				SDKROOT = iphoneos;
				VALIDATE_PRODUCT = YES;
			};
			name = Release;
		};
		B23C9AEE13DDC1BB00BF9003 /* Debug */ = {
			isa = XCBuildConfiguration;
			buildSettings = {
				GCC_PRECOMPILE_PREFIX_HEADER = YES;
				GCC_PREFIX_HEADER = "IMDISPLAY/IMDISPLAY-Prefix.pch";
				INFOPLIST_FILE = "IMDISPLAY/IMDISPLAY-Info.plist";
				PRODUCT_NAME = "$(TARGET_NAME)";
				WRAPPER_EXTENSION = app;
			};
			name = Debug;
		};
		B23C9AEF13DDC1BB00BF9003 /* Release */ = {
			isa = XCBuildConfiguration;
			buildSettings = {
				GCC_PRECOMPILE_PREFIX_HEADER = YES;
				GCC_PREFIX_HEADER = "IMDISPLAY/IMDISPLAY-Prefix.pch";
				INFOPLIST_FILE = "IMDISPLAY/IMDISPLAY-Info.plist";
				PRODUCT_NAME = "$(TARGET_NAME)";
				WRAPPER_EXTENSION = app;
			};
			name = Release;
		};
		B23C9AF113DDC1BB00BF9003 /* Debug */ = {
			isa = XCBuildConfiguration;
			buildSettings = {
				BUNDLE_LOADER = "$(BUILT_PRODUCTS_DIR)/IMDISPLAY.app/IMDISPLAY";
				FRAMEWORK_SEARCH_PATHS = (
					"$(SDKROOT)/Developer/Library/Frameworks",
					"$(DEVELOPER_LIBRARY_DIR)/Frameworks",
				);
				GCC_PRECOMPILE_PREFIX_HEADER = YES;
				GCC_PREFIX_HEADER = "IMDISPLAY/IMDISPLAY-Prefix.pch";
				INFOPLIST_FILE = "IMDISPLAYTests/IMDISPLAYTests-Info.plist";
				PRODUCT_NAME = "$(TARGET_NAME)";
				TEST_HOST = "$(BUNDLE_LOADER)";
				WRAPPER_EXTENSION = octest;
			};
			name = Debug;
		};
		B23C9AF213DDC1BB00BF9003 /* Release */ = {
			isa = XCBuildConfiguration;
			buildSettings = {
				BUNDLE_LOADER = "$(BUILT_PRODUCTS_DIR)/IMDISPLAY.app/IMDISPLAY";
				FRAMEWORK_SEARCH_PATHS = (
					"$(SDKROOT)/Developer/Library/Frameworks",
					"$(DEVELOPER_LIBRARY_DIR)/Frameworks",
				);
				GCC_PRECOMPILE_PREFIX_HEADER = YES;
				GCC_PREFIX_HEADER = "IMDISPLAY/IMDISPLAY-Prefix.pch";
				INFOPLIST_FILE = "IMDISPLAYTests/IMDISPLAYTests-Info.plist";
				PRODUCT_NAME = "$(TARGET_NAME)";
				TEST_HOST = "$(BUNDLE_LOADER)";
				WRAPPER_EXTENSION = octest;
			};
			name = Release;
		};
/* End XCBuildConfiguration section */

/* Begin XCConfigurationList section */
		B23C9AAB13DDC1BA00BF9003 /* Build configuration list for PBXProject "IMDISPLAY" */ = {
			isa = XCConfigurationList;
			buildConfigurations = (
				B23C9AEB13DDC1BB00BF9003 /* Debug */,
				B23C9AEC13DDC1BB00BF9003 /* Release */,
			);
			defaultConfigurationIsVisible = 0;
			defaultConfigurationName = Release;
		};
		B23C9AED13DDC1BB00BF9003 /* Build configuration list for PBXNativeTarget "IMDISPLAY" */ = {
			isa = XCConfigurationList;
			buildConfigurations = (
				B23C9AEE13DDC1BB00BF9003 /* Debug */,
				B23C9AEF13DDC1BB00BF9003 /* Release */,
			);
			defaultConfigurationIsVisible = 0;
		};
		B23C9AF013DDC1BB00BF9003 /* Build configuration list for PBXNativeTarget "IMDISPLAYTests" */ = {
			isa = XCConfigurationList;
			buildConfigurations = (
				B23C9AF113DDC1BB00BF9003 /* Debug */,
				B23C9AF213DDC1BB00BF9003 /* Release */,
			);
			defaultConfigurationIsVisible = 0;
		};
/* End XCConfigurationList section */
	};
	rootObject = B23C9AA813DDC1BA00BF9003 /* Project object */;
}
